#MicroXplorer Configuration settings - do not modify
ADC1.Channel-0\#ChannelRegularConversion=ADC_CHANNEL_0
ADC1.Channel-1\#ChannelRegularConversion=ADC_CHANNEL_VREFINT
ADC1.DiscontinuousConvMode=DISABLE
ADC1.IPParameters=Rank-0\#ChannelRegularConversion,Channel-0\#ChannelRegularConversion,SamplingTime-0\#ChannelRegularConversion,NbrOfConversionFlag,master,SelectedChannel,DiscontinuousConvMode,SamplingTimeCommon1,SamplingTimeCommon2,Rank-1\#ChannelRegularConversion,Channel-1\#ChannelRegularConversion,SamplingTime-1\#ChannelRegularConversion,NbrOfConversion
ADC1.NbrOfConversion=2
ADC1.NbrOfConversionFlag=1
ADC1.Rank-0\#ChannelRegularConversion=1
ADC1.Rank-1\#ChannelRegularConversion=2
ADC1.SamplingTime-0\#ChannelRegularConversion=ADC_SAMPLINGTIME_COMMON_1
ADC1.SamplingTime-1\#ChannelRegularConversion=ADC_SAMPLINGTIME_COMMON_1
ADC1.SamplingTimeCommon1=ADC_SAMPLETIME_39CYCLES_5
ADC1.SamplingTimeCommon2=ADC_SAMPLETIME_39CYCLES_5
ADC1.SelectedChannel=ADC_CHANNEL_0|ADC_CHANNEL_VREFINT
ADC1.master=1
CAD.formats=
CAD.pinconfig=
CAD.provider=
Dma.ADC1.0.Direction=DMA_PERIPH_TO_MEMORY
Dma.ADC1.0.EventEnable=DISABLE
Dma.ADC1.0.Instance=DMA1_Channel1
Dma.ADC1.0.MemDataAlignment=DMA_MDATAALIGN_HALFWORD
Dma.ADC1.0.MemInc=DMA_MINC_ENABLE
Dma.ADC1.0.Mode=DMA_NORMAL
Dma.ADC1.0.PeriphDataAlignment=DMA_PDATAALIGN_HALFWORD
Dma.ADC1.0.PeriphInc=DMA_PINC_DISABLE
Dma.ADC1.0.Polarity=HAL_DMAMUX_REQ_GEN_RISING
Dma.ADC1.0.Priority=DMA_PRIORITY_LOW
Dma.ADC1.0.RequestNumber=1
Dma.ADC1.0.RequestParameters=Instance,Direction,PeriphInc,MemInc,PeriphDataAlignment,MemDataAlignment,Mode,Priority,SignalID,Polarity,RequestNumber,SyncSignalID,SyncPolarity,SyncEnable,EventEnable,SyncRequestNumber
Dma.ADC1.0.SignalID=NONE
Dma.ADC1.0.SyncEnable=DISABLE
Dma.ADC1.0.SyncPolarity=HAL_DMAMUX_SYNC_NO_EVENT
Dma.ADC1.0.SyncRequestNumber=1
Dma.ADC1.0.SyncSignalID=NONE
Dma.Request0=ADC1
Dma.RequestsNb=1
File.Version=6
GPIO.groupedBy=Group By Peripherals
KeepUserPlacement=false
Mcu.CPN=STM32G030F6P6
Mcu.Family=STM32G0
Mcu.IP0=ADC1
Mcu.IP1=DMA
Mcu.IP2=NVIC
Mcu.IP3=RCC
Mcu.IP4=RTC
Mcu.IP5=SPI1
Mcu.IP6=SYS
Mcu.IPNb=7
Mcu.Name=STM32G030F6Px
Mcu.Package=TSSOP20
Mcu.Pin0=PA0
Mcu.Pin1=PA1
Mcu.Pin10=VP_ADC1_Vref_Input
Mcu.Pin11=VP_RTC_VS_RTC_Activate
Mcu.Pin12=VP_RTC_VS_RTC_Calendar
Mcu.Pin13=VP_RTC_VS_RTC_Alarm_A_Intern
Mcu.Pin14=VP_SYS_VS_Systick
Mcu.Pin2=PA2
Mcu.Pin3=PA3
Mcu.Pin4=PA6
Mcu.Pin5=PB0
Mcu.Pin6=PA11 [PA9]
Mcu.Pin7=PA12 [PA10]
Mcu.Pin8=PA13
Mcu.Pin9=PA14-BOOT0
Mcu.PinsNb=15
Mcu.ThirdPartyNb=0
Mcu.UserConstants=
Mcu.UserName=STM32G030F6Px
MxCube.Version=6.9.1
MxDb.Version=DB.6.0.91
NVIC.DMA1_Channel1_IRQn=true\:0\:0\:false\:false\:true\:false\:true\:true
NVIC.ForceEnableDMAVector=true
NVIC.HardFault_IRQn=true\:0\:0\:false\:false\:true\:false\:false\:false
NVIC.NonMaskableInt_IRQn=true\:0\:0\:false\:false\:true\:false\:false\:false
NVIC.PendSV_IRQn=true\:0\:0\:false\:false\:true\:false\:false\:false
NVIC.RTC_TAMP_IRQn=true\:0\:0\:false\:false\:true\:true\:true\:true
NVIC.SVC_IRQn=true\:0\:0\:false\:false\:true\:false\:false\:true
NVIC.SysTick_IRQn=true\:3\:0\:false\:false\:true\:false\:true\:false
PA0.Mode=IN0
PA0.Signal=ADC1_IN0
PA1.Mode=Full_Duplex_Master
PA1.Signal=SPI1_SCK
PA11\ [PA9].GPIOParameters=GPIO_Label
PA11\ [PA9].GPIO_Label=NRF_CE
PA11\ [PA9].Locked=true
PA11\ [PA9].Signal=GPIO_Output
PA12\ [PA10].GPIOParameters=GPIO_Label
PA12\ [PA10].GPIO_Label=NRF_PWR
PA12\ [PA10].Locked=true
PA12\ [PA10].Signal=GPIO_Output
PA13.Mode=Serial_Wire
PA13.Signal=SYS_SWDIO
PA14-BOOT0.Mode=Serial_Wire
PA14-BOOT0.Signal=SYS_SWCLK
PA14-BOOT0__PA15.StandardMode=true
PA2.Mode=Full_Duplex_Master
PA2.Signal=SPI1_MOSI
PA3.GPIOParameters=GPIO_Label
PA3.GPIO_Label=NRF_IRQ
PA3.Locked=true
PA3.Signal=GPXTI3
PA6.Mode=Full_Duplex_Master
PA6.Signal=SPI1_MISO
PB0.GPIOParameters=GPIO_Label
PB0.GPIO_Label=NRF_CSN
PB0.Locked=true
PB0.Signal=GPIO_Output
PB0__PB1__PB2__PA8.StandardMode=true
PB3__PB4__PB5__PB6.StandardMode=true
PB7__PB8.StandardMode=true
PC14-OSC32_IN\ (PC14)__PB9.StandardMode=true
PCC.Checker=false
PCC.Line=STM32G0x0 Value line
PCC.MCU=STM32G030F6Px
PCC.PartNumber=STM32G030F6Px
PCC.Seq0=2
PCC.Seq0.Step0.Average_Current=5.77 mA
PCC.Seq0.Step0.CPU_Frequency=64 MHz
PCC.Seq0.Step0.Category=Measurements
PCC.Seq0.Step0.DMIPS=80.0
PCC.Seq0.Step0.Duration=1 s
PCC.Seq0.Step0.Frequency=16 MHz
PCC.Seq0.Step0.Memory=FLASH
PCC.Seq0.Step0.Mode=RUN
PCC.Seq0.Step0.Oscillator=HSI PLL
PCC.Seq0.Step0.Peripherals=
PCC.Seq0.Step0.TaMax=128.68
PCC.Seq0.Step0.User's_Consumption=0 mA
PCC.Seq0.Step0.Vcore=Range1-High
PCC.Seq0.Step0.Vdd=3.0
PCC.Seq0.Step0.Voltage_Source=Battery
PCC.Seq0.Step1.Average_Current=510 nA
PCC.Seq0.Step1.CPU_Frequency=32.768 kHz
PCC.Seq0.Step1.Category=In DS Table
PCC.Seq0.Step1.DMIPS=0.0
PCC.Seq0.Step1.Duration=60 s
PCC.Seq0.Step1.Frequency=32.768 kHz
PCC.Seq0.Step1.Memory=n/a
PCC.Seq0.Step1.Mode=VBAT
PCC.Seq0.Step1.Oscillator=LSE RTC
PCC.Seq0.Step1.Peripherals=
PCC.Seq0.Step1.TaMax=130
PCC.Seq0.Step1.User's_Consumption=0 mA
PCC.Seq0.Step1.Vcore=NoRange
PCC.Seq0.Step1.Vdd=3.0
PCC.Seq0.Step1.Voltage_Source=Battery
PCC.Series=STM32G0
PCC.Temperature=25
PCC.Vdd=3.0
PinOutPanel.RotationAngle=0
ProjectManager.AskForMigrate=true
ProjectManager.BackupPrevious=false
ProjectManager.CompilerOptimize=6
ProjectManager.ComputerToolchain=false
ProjectManager.CoupleFile=true
ProjectManager.CustomerFirmwarePackage=
ProjectManager.DefaultFWLocation=true
ProjectManager.DeletePrevious=true
ProjectManager.DeviceId=STM32G030F6Px
ProjectManager.FirmwarePackage=STM32Cube FW_G0 V1.6.1
ProjectManager.FreePins=true
ProjectManager.HalAssertFull=false
ProjectManager.HeapSize=0x200
ProjectManager.KeepUserCode=true
ProjectManager.LastFirmware=true
ProjectManager.LibraryCopy=1
ProjectManager.MainLocation=Core/Src
ProjectManager.NoMain=false
ProjectManager.PreviousToolchain=STM32CubeIDE
ProjectManager.ProjectBuild=false
ProjectManager.ProjectFileName=rf-leak-module.ioc
ProjectManager.ProjectName=rf-leak-module
ProjectManager.ProjectStructure=
ProjectManager.RegisterCallBack=
ProjectManager.StackSize=0x400
ProjectManager.TargetToolchain=STM32CubeIDE
ProjectManager.ToolChainLocation=
ProjectManager.UAScriptAfterPath=
ProjectManager.UAScriptBeforePath=
ProjectManager.UnderRoot=true
ProjectManager.functionlistsort=1-SystemClock_Config-RCC-false-HAL-false,2-MX_GPIO_Init-GPIO-false-HAL-true,3-MX_DMA_Init-DMA-false-HAL-true,4-MX_ADC1_Init-ADC1-false-HAL-true,5-MX_RTC_Init-RTC-false-HAL-true,6-MX_SPI1_Init-SPI1-false-HAL-true
RCC.ADCCLockSelection=RCC_ADCCLKSOURCE_HSI
RCC.ADCFreq_Value=16000000
RCC.AHBFreq_Value=1000000
RCC.APBFreq_Value=1000000
RCC.APBTimFreq_Value=1000000
RCC.CortexFreq_Value=1000000
RCC.EXTERNAL_CLOCK_VALUE=12288000
RCC.FCLKCortexFreq_Value=1000000
RCC.FamilyName=M
RCC.HCLKFreq_Value=1000000
RCC.HSE_VALUE=8000000
RCC.HSISYSCLKDivider=RCC_HSI_DIV16
RCC.HSI_VALUE=16000000
RCC.I2C1Freq_Value=1000000
RCC.I2S1Freq_Value=1000000
RCC.IPParameters=ADCCLockSelection,ADCFreq_Value,AHBFreq_Value,APBFreq_Value,APBTimFreq_Value,CortexFreq_Value,EXTERNAL_CLOCK_VALUE,FCLKCortexFreq_Value,FamilyName,HCLKFreq_Value,HSE_VALUE,HSISYSCLKDivider,HSI_VALUE,I2C1Freq_Value,I2S1Freq_Value,LSCOPinFreq_Value,LSE_VALUE,LSI_VALUE,MCO1PinFreq_Value,PLLM,PLLPoutputFreq_Value,PLLR,PLLRCLKFreq_Value,PWRFreq_Value,SYSCLKFreq_VALUE,USART1Freq_Value,VCOInputFreq_Value,VCOOutputFreq_Value
RCC.LSCOPinFreq_Value=32000
RCC.LSE_VALUE=32768
RCC.LSI_VALUE=32000
RCC.MCO1PinFreq_Value=1000000
RCC.PLLM=RCC_PLLM_DIV2
RCC.PLLPoutputFreq_Value=32000000
RCC.PLLR=RCC_PLLR_DIV8
RCC.PLLRCLKFreq_Value=8000000
RCC.PWRFreq_Value=1000000
RCC.SYSCLKFreq_VALUE=1000000
RCC.USART1Freq_Value=1000000
RCC.VCOInputFreq_Value=8000000
RCC.VCOOutputFreq_Value=64000000
RTC.Alarm-Alarm\ A=RTC_ALARM_A
RTC.AlarmMaskDateWeekDay-Alarm\ A=RTC_ALARMMASK_DATEWEEKDAY
RTC.AlarmMaskHours-Alarm\ A=RTC_ALARMMASK_HOURS
RTC.IPParameters=Alarm-Alarm A,Minutes_A-Alarm A,AlarmMaskDateWeekDay-Alarm A,AlarmMaskHours-Alarm A
RTC.Minutes_A-Alarm\ A=1
SH.GPXTI3.0=GPIO_EXTI3
SH.GPXTI3.ConfNb=1
SPI1.BaudRatePrescaler=SPI_BAUDRATEPRESCALER_2
SPI1.CalculateBaudRate=500.0 KBits/s
SPI1.Direction=SPI_DIRECTION_2LINES
SPI1.IPParameters=VirtualType,Mode,Direction,CalculateBaudRate,NSSPMode,BaudRatePrescaler
SPI1.Mode=SPI_MODE_MASTER
SPI1.NSSPMode=SPI_NSS_PULSE_DISABLE
SPI1.VirtualType=VM_MASTER
VP_ADC1_Vref_Input.Mode=IN-Vrefint
VP_ADC1_Vref_Input.Signal=ADC1_Vref_Input
VP_RTC_VS_RTC_Activate.Mode=RTC_Enabled
VP_RTC_VS_RTC_Activate.Signal=RTC_VS_RTC_Activate
VP_RTC_VS_RTC_Alarm_A_Intern.Mode=Alarm A
VP_RTC_VS_RTC_Alarm_A_Intern.Signal=RTC_VS_RTC_Alarm_A_Intern
VP_RTC_VS_RTC_Calendar.Mode=RTC_Calendar
VP_RTC_VS_RTC_Calendar.Signal=RTC_VS_RTC_Calendar
VP_SYS_VS_Systick.Mode=SysTick
VP_SYS_VS_Systick.Signal=SYS_VS_Systick
board=custom
